
Microsoft Visual Studio Solution File, Format Version 12.00
# Visual Studio 15
VisualStudioVersion = 15.0.28307.572
MinimumVisualStudioVersion = 10.0.40219.1
Project("{FAE04EC0-301F-11D3-BF4B-00C04F79EFBC}") = "RanorexTestRail", "src\RanorexTestRail.csproj", "{976FF655-2480-444B-875E-395012BB7818}"
EndProject
Global
	GlobalSection(SolutionConfigurationPlatforms) = preSolution
		Debug|Any CPU = Debug|Any CPU
		Release|Any CPU = Release|Any CPU
	EndGlobalSection
	GlobalSection(ProjectConfigurationPlatforms) = postSolution
		{976FF655-2480-444B-875E-395012BB7818}.Debug|Any CPU.ActiveCfg = Debug|Any CPU
		{976FF655-2480-444B-875E-395012BB7818}.Debug|Any CPU.Build.0 = Debug|Any CPU
		{976FF655-2480-444B-875E-395012BB7818}.Release|Any CPU.ActiveCfg = Release|Any CPU
		{976FF655-2480-444B-875E-395012BB7818}.Release|Any CPU.Build.0 = Release|Any CPU
	EndGlobalSection
	GlobalSection(SolutionProperties) = preSolution
		HideSolutionNode = FALSE
	EndGlobalSection
	GlobalSection(ExtensibilityGlobals) = postSolution
		SolutionGuid = {550A098C-9C21-4D38-9769-EAFE11167430}
	EndGlobalSection
EndGlobal
